// !$*UTF8*$!
{
	archiveVersion = 1;
	classes = {
	};
	objectVersion = 50;
	objects = {

/* Begin PBXBuildFile section */
		EE5440BD20A41CD2002C3698 /* Main.storyboard in Resources */ = {isa = PBXBuildFile; fileRef = EE5440BB20A41CD2002C3698 /* Main.storyboard */; };
		EE5440BF20A41CD5002C3698 /* Assets.xcassets in Resources */ = {isa = PBXBuildFile; fileRef = EE5440BE20A41CD5002C3698 /* Assets.xcassets */; };
		EE5440C220A41CD5002C3698 /* LaunchScreen.storyboard in Resources */ = {isa = PBXBuildFile; fileRef = EE5440C020A41CD5002C3698 /* LaunchScreen.storyboard */; };
		EE5440CA20A41CFC002C3698 /* CatListTableViewController.swift in Sources */ = {isa = PBXBuildFile; fileRef = EE5440C920A41CFC002C3698 /* CatListTableViewController.swift */; };
		EE5440CC20A41D1B002C3698 /* CatTableViewCell.swift in Sources */ = {isa = PBXBuildFile; fileRef = EE5440CB20A41D1B002C3698 /* CatTableViewCell.swift */; };
		EE5440CF20A41D51002C3698 /* Cat.swift in Sources */ = {isa = PBXBuildFile; fileRef = EE5440CE20A41D51002C3698 /* Cat.swift */; };
		EE5440D120A41D68002C3698 /* TestCatRepository.swift in Sources */ = {isa = PBXBuildFile; fileRef = EE5440D020A41D68002C3698 /* TestCatRepository.swift */; };
		EE5440D320A41DA4002C3698 /* CatRepository.swift in Sources */ = {isa = PBXBuildFile; fileRef = EE5440D220A41DA4002C3698 /* CatRepository.swift */; };
		EE5440D620A41DF8002C3698 /* ListViewType.swift in Sources */ = {isa = PBXBuildFile; fileRef = EE5440D520A41DF8002C3698 /* ListViewType.swift */; };
		EE5440D820A41E4C002C3698 /* RepositoryType.swift in Sources */ = {isa = PBXBuildFile; fileRef = EE5440D720A41E4C002C3698 /* RepositoryType.swift */; };
		EE5440DA20A41E7D002C3698 /* ConfigurableViewType.swift in Sources */ = {isa = PBXBuildFile; fileRef = EE5440D920A41E7D002C3698 /* ConfigurableViewType.swift */; };
		EE5440DC20A41EBD002C3698 /* CatCellType.swift in Sources */ = {isa = PBXBuildFile; fileRef = EE5440DB20A41EBD002C3698 /* CatCellType.swift */; };
		EE5440E120A4217C002C3698 /* AppDelegate.swift in Sources */ = {isa = PBXBuildFile; fileRef = EE5440E020A4217C002C3698 /* AppDelegate.swift */; };
/* End PBXBuildFile section */

/* Begin PBXFileReference section */
		EE5440B420A41CD2002C3698 /* POP_CatList.app */ = {isa = PBXFileReference; explicitFileType = wrapper.application; includeInIndex = 0; path = POP_CatList.app; sourceTree = BUILT_PRODUCTS_DIR; };
		EE5440BC20A41CD2002C3698 /* Base */ = {isa = PBXFileReference; lastKnownFileType = file.storyboard; name = Base; path = Base.lproj/Main.storyboard; sourceTree = "<group>"; };
		EE5440BE20A41CD5002C3698 /* Assets.xcassets */ = {isa = PBXFileReference; lastKnownFileType = folder.assetcatalog; path = Assets.xcassets; sourceTree = "<group>"; };
		EE5440C120A41CD5002C3698 /* Base */ = {isa = PBXFileReference; lastKnownFileType = file.storyboard; name = Base; path = Base.lproj/LaunchScreen.storyboard; sourceTree = "<group>"; };
		EE5440C320A41CD5002C3698 /* Info.plist */ = {isa = PBXFileReference; lastKnownFileType = text.plist.xml; path = Info.plist; sourceTree = "<group>"; };
		EE5440C920A41CFC002C3698 /* CatListTableViewController.swift */ = {isa = PBXFileReference; lastKnownFileType = sourcecode.swift; path = CatListTableViewController.swift; sourceTree = "<group>"; };
		EE5440CB20A41D1B002C3698 /* CatTableViewCell.swift */ = {isa = PBXFileReference; lastKnownFileType = sourcecode.swift; path = CatTableViewCell.swift; sourceTree = "<group>"; };
		EE5440CE20A41D51002C3698 /* Cat.swift */ = {isa = PBXFileReference; lastKnownFileType = sourcecode.swift; path = Cat.swift; sourceTree = "<group>"; };
		EE5440D020A41D68002C3698 /* TestCatRepository.swift */ = {isa = PBXFileReference; lastKnownFileType = sourcecode.swift; path = TestCatRepository.swift; sourceTree = "<group>"; };
		EE5440D220A41DA4002C3698 /* CatRepository.swift */ = {isa = PBXFileReference; lastKnownFileType = sourcecode.swift; path = CatRepository.swift; sourceTree = "<group>"; };
		EE5440D520A41DF8002C3698 /* ListViewType.swift */ = {isa = PBXFileReference; lastKnownFileType = sourcecode.swift; path = ListViewType.swift; sourceTree = "<group>"; };
		EE5440D720A41E4C002C3698 /* RepositoryType.swift */ = {isa = PBXFileReference; lastKnownFileType = sourcecode.swift; path = RepositoryType.swift; sourceTree = "<group>"; };
		EE5440D920A41E7D002C3698 /* ConfigurableViewType.swift */ = {isa = PBXFileReference; lastKnownFileType = sourcecode.swift; path = ConfigurableViewType.swift; sourceTree = "<group>"; };
		EE5440DB20A41EBD002C3698 /* CatCellType.swift */ = {isa = PBXFileReference; lastKnownFileType = sourcecode.swift; path = CatCellType.swift; sourceTree = "<group>"; };
		EE5440E020A4217C002C3698 /* AppDelegate.swift */ = {isa = PBXFileReference; lastKnownFileType = sourcecode.swift; path = AppDelegate.swift; sourceTree = "<group>"; };
/* End PBXFileReference section */

/* Begin PBXFrameworksBuildPhase section */
		EE5440B120A41CD2002C3698 /* Frameworks */ = {
			isa = PBXFrameworksBuildPhase;
			buildActionMask = 2147483647;
			files = (
			);
			runOnlyForDeploymentPostprocessing = 0;
		};
/* End PBXFrameworksBuildPhase section */

/* Begin PBXGroup section */
		EE5440AB20A41CD2002C3698 = {
			isa = PBXGroup;
			children = (
				EE5440B620A41CD2002C3698 /* POP_CatList */,
				EE5440B520A41CD2002C3698 /* Products */,
			);
			sourceTree = "<group>";
		};
		EE5440B520A41CD2002C3698 /* Products */ = {
			isa = PBXGroup;
			children = (
				EE5440B420A41CD2002C3698 /* POP_CatList.app */,
			);
			name = Products;
			sourceTree = "<group>";
		};
		EE5440B620A41CD2002C3698 /* POP_CatList */ = {
			isa = PBXGroup;
			children = (
				EE5440E020A4217C002C3698 /* AppDelegate.swift */,
				EE5440CD20A41D45002C3698 /* Model */,
				EE5440DD20A41F08002C3698 /* View Controllers */,
				EE5440D420A41DD8002C3698 /* Protocols */,
				EE5440DE20A41F1C002C3698 /* Resources */,
				EE5440C320A41CD5002C3698 /* Info.plist */,
			);
			path = POP_CatList;
			sourceTree = "<group>";
		};
		EE5440CD20A41D45002C3698 /* Model */ = {
			isa = PBXGroup;
			children = (
				EE5440CE20A41D51002C3698 /* Cat.swift */,
				EE5440D220A41DA4002C3698 /* CatRepository.swift */,
				EE5440D020A41D68002C3698 /* TestCatRepository.swift */,
			);
			path = Model;
			sourceTree = "<group>";
		};
		EE5440D420A41DD8002C3698 /* Protocols */ = {
			isa = PBXGroup;
			children = (
				EE5440D520A41DF8002C3698 /* ListViewType.swift */,
				EE5440D720A41E4C002C3698 /* RepositoryType.swift */,
				EE5440D920A41E7D002C3698 /* ConfigurableViewType.swift */,
				EE5440DB20A41EBD002C3698 /* CatCellType.swift */,
			);
			path = Protocols;
			sourceTree = "<group>";
		};
		EE5440DD20A41F08002C3698 /* View Controllers */ = {
			isa = PBXGroup;
			children = (
				EE5440C920A41CFC002C3698 /* CatListTableViewController.swift */,
				EE5440CB20A41D1B002C3698 /* CatTableViewCell.swift */,
			);
			path = "View Controllers";
			sourceTree = "<group>";
		};
		EE5440DE20A41F1C002C3698 /* Resources */ = {
			isa = PBXGroup;
			children = (
				EE5440BB20A41CD2002C3698 /* Main.storyboard */,
				EE5440C020A41CD5002C3698 /* LaunchScreen.storyboard */,
				EE5440BE20A41CD5002C3698 /* Assets.xcassets */,
			);
			path = Resources;
			sourceTree = "<group>";
		};
/* End PBXGroup section */

/* Begin PBXNativeTarget section */
		EE5440B320A41CD2002C3698 /* POP_CatList */ = {
			isa = PBXNativeTarget;
			buildConfigurationList = EE5440C620A41CD5002C3698 /* Build configuration list for PBXNativeTarget "POP_CatList" */;
			buildPhases = (
				EE5440B020A41CD2002C3698 /* Sources */,
				EE5440B120A41CD2002C3698 /* Frameworks */,
				EE5440B220A41CD2002C3698 /* Resources */,
			);
			buildRules = (
			);
			dependencies = (
			);
			name = POP_CatList;
			productName = POP_CatList;
			productReference = EE5440B420A41CD2002C3698 /* POP_CatList.app */;
			productType = "com.apple.product-type.application";
		};
/* End PBXNativeTarget section */

/* Begin PBXProject section */
		EE5440AC20A41CD2002C3698 /* Project object */ = {
			isa = PBXProject;
			attributes = {
				LastSwiftUpdateCheck = 0930;
				LastUpgradeCheck = 0930;
				ORGANIZATIONNAME = "Aleksey Gotyanov";
				TargetAttributes = {
					EE5440B320A41CD2002C3698 = {
						CreatedOnToolsVersion = 9.3;
					};
				};
			};
			buildConfigurationList = EE5440AF20A41CD2002C3698 /* Build configuration list for PBXProject "POP_CatList" */;
			compatibilityVersion = "Xcode 9.3";
			developmentRegion = en;
			hasScannedForEncodings = 0;
			knownRegions = (
				en,
				Base,
			);
			mainGroup = EE5440AB20A41CD2002C3698;
			productRefGroup = EE5440B520A41CD2002C3698 /* Products */;
			projectDirPath = "";
			projectRoot = "";
			targets = (
				EE5440B320A41CD2002C3698 /* POP_CatList */,
			);
		};
/* End PBXProject section */

/* Begin PBXResourcesBuildPhase section */
		EE5440B220A41CD2002C3698 /* Resources */ = {
			isa = PBXResourcesBuildPhase;
			buildActionMask = 2147483647;
			files = (
				EE5440C220A41CD5002C3698 /* LaunchScreen.storyboard in Resources */,
				EE5440BF20A41CD5002C3698 /* Assets.xcassets in Resources */,
				EE5440BD20A41CD2002C3698 /* Main.storyboard in Resources */,
			);
			runOnlyForDeploymentPostprocessing = 0;
		};
/* End PBXResourcesBuildPhase section */

/* Begin PBXSourcesBuildPhase section */
		EE5440B020A41CD2002C3698 /* Sources */ = {
			isa = PBXSourcesBuildPhase;
			buildActionMask = 2147483647;
			files = (
				EE5440CC20A41D1B002C3698 /* CatTableViewCell.swift in Sources */,
				EE5440DC20A41EBD002C3698 /* CatCellType.swift in Sources */,
				EE5440CA20A41CFC002C3698 /* CatListTableViewController.swift in Sources */,
				EE5440D120A41D68002C3698 /* TestCatRepository.swift in Sources */,
				EE5440D320A41DA4002C3698 /* CatRepository.swift in Sources */,
				EE5440D620A41DF8002C3698 /* ListViewType.swift in Sources */,
				EE5440DA20A41E7D002C3698 /* ConfigurableViewType.swift in Sources */,
				EE5440D820A41E4C002C3698 /* RepositoryType.swift in Sources */,
				EE5440E120A4217C002C3698 /* AppDelegate.swift in Sources */,
				EE5440CF20A41D51002C3698 /* Cat.swift in Sources */,
			);
			runOnlyForDeploymentPostprocessing = 0;
		};
/* End PBXSourcesBuildPhase section */

/* Begin PBXVariantGroup section */
		EE5440BB20A41CD2002C3698 /* Main.storyboard */ = {
			isa = PBXVariantGroup;
			children = (
				EE5440BC20A41CD2002C3698 /* Base */,
			);
			name = Main.storyboard;
			sourceTree = "<group>";
		};
		EE5440C020A41CD5002C3698 /* LaunchScreen.storyboard */ = {
			isa = PBXVariantGroup;
			children = (
				EE5440C120A41CD5002C3698 /* Base */,
			);
			name = LaunchScreen.storyboard;
			sourceTree = "<group>";
		};
/* End PBXVariantGroup section */

/* Begin XCBuildConfiguration section */
		EE5440C420A41CD5002C3698 /* Debug */ = {
			isa = XCBuildConfiguration;
			buildSettings = {
				ALWAYS_SEARCH_USER_PATHS = NO;
				CLANG_ANALYZER_NONNULL = YES;
				CLANG_ANALYZER_NUMBER_OBJECT_CONVERSION = YES_AGGRESSIVE;
				CLANG_CXX_LANGUAGE_STANDARD = "gnu++14";
				CLANG_CXX_LIBRARY = "libc++";
				CLANG_ENABLE_MODULES = YES;
				CLANG_ENABLE_OBJC_ARC = YES;
				CLANG_ENABLE_OBJC_WEAK = YES;
				CLANG_WARN_BLOCK_CAPTURE_AUTORELEASING = YES;
				CLANG_WARN_BOOL_CONVERSION = YES;
				CLANG_WARN_COMMA = YES;
				CLANG_WARN_CONSTANT_CONVERSION = YES;
				CLANG_WARN_DEPRECATED_OBJC_IMPLEMENTATIONS = YES;
				CLANG_WARN_DIRECT_OBJC_ISA_USAGE = YES_ERROR;
				CLANG_WARN_DOCUMENTATION_COMMENTS = YES;
				CLANG_WARN_EMPTY_BODY = YES;
				CLANG_WARN_ENUM_CONVERSION = YES;
				CLANG_WARN_INFINITE_RECURSION = YES;
				CLANG_WARN_INT_CONVERSION = YES;
				CLANG_WARN_NON_LITERAL_NULL_CONVERSION = YES;
				CLANG_WARN_OBJC_IMPLICIT_RETAIN_SELF = YES;
				CLANG_WARN_OBJC_LITERAL_CONVERSION = YES;
				CLANG_WARN_OBJC_ROOT_CLASS = YES_ERROR;
				CLANG_WARN_RANGE_LOOP_ANALYSIS = YES;
				CLANG_WARN_STRICT_PROTOTYPES = YES;
				CLANG_WARN_SUSPICIOUS_MOVE = YES;
				CLANG_WARN_UNGUARDED_AVAILABILITY = YES_AGGRESSIVE;
				CLANG_WARN_UNREACHABLE_CODE = YES;
				CLANG_WARN__DUPLICATE_METHOD_MATCH = YES;
				CODE_SIGN_IDENTITY = "iPhone Developer";
				COPY_PHASE_STRIP = NO;
				DEBUG_INFORMATION_FORMAT = dwarf;
				ENABLE_STRICT_OBJC_MSGSEND = YES;
				ENABLE_TESTABILITY = YES;
				GCC_C_LANGUAGE_STANDARD = gnu11;
				GCC_DYNAMIC_NO_PIC = NO;
				GCC_NO_COMMON_BLOCKS = YES;
				GCC_OPTIMIZATION_LEVEL = 0;
				GCC_PREPROCESSOR_DEFINITIONS = (
					"DEBUG=1",
					"$(inherited)",
				);
				GCC_WARN_64_TO_32_BIT_CONVERSION = YES;
				GCC_WARN_ABOUT_RETURN_TYPE = YES_ERROR;
				GCC_WARN_UNDECLARED_SELECTOR = YES;
				GCC_WARN_UNINITIALIZED_AUTOS = YES_AGGRESSIVE;
				GCC_WARN_UNUSED_FUNCTION = YES;
				GCC_WARN_UNUSED_VARIABLE = YES;
				IPHONEOS_DEPLOYMENT_TARGET = 11.3;
				MTL_ENABLE_DEBUG_INFO = YES;
				ONLY_ACTIVE_ARCH = YES;
				SDKROOT = iphoneos;
				SWIFT_ACTIVE_COMPILATION_CONDITIONS = DEBUG;
				SWIFT_OPTIMIZATION_LEVEL = "-Onone";
			};
			name = Debug;
		};
		EE5440C520A41CD5002C3698 /* Release */ = {
			isa = XCBuildConfiguration;
			buildSettings = {
				ALWAYS_SEARCH_USER_PATHS = NO;
				CLANG_ANALYZER_NONNULL = YES;
				CLANG_ANALYZER_NUMBER_OBJECT_CONVERSION = YES_AGGRESSIVE;
				CLANG_CXX_LANGUAGE_STANDARD = "gnu++14";
				CLANG_CXX_LIBRARY = "libc++";
				CLANG_ENABLE_MODULES = YES;
				CLANG_ENABLE_OBJC_ARC = YES;
				CLANG_ENABLE_OBJC_WEAK = YES;
				CLANG_WARN_BLOCK_CAPTURE_AUTORELEASING = YES;
				CLANG_WARN_BOOL_CONVERSION = YES;
				CLANG_WARN_COMMA = YES;
				CLANG_WARN_CONSTANT_CONVERSION = YES;
				CLANG_WARN_DEPRECATED_OBJC_IMPLEMENTATIONS = YES;
				CLANG_WARN_DIRECT_OBJC_ISA_USAGE = YES_ERROR;
				CLANG_WARN_DOCUMENTATION_COMMENTS = YES;
				CLANG_WARN_EMPTY_BODY = YES;
				CLANG_WARN_ENUM_CONVERSION = YES;
				CLANG_WARN_INFINITE_RECURSION = YES;
				CLANG_WARN_INT_CONVERSION = YES;
				CLANG_WARN_NON_LITERAL_NULL_CONVERSION = YES;
				CLANG_WARN_OBJC_IMPLICIT_RETAIN_SELF = YES;
				CLANG_WARN_OBJC_LITERAL_CONVERSION = YES;
				CLANG_WARN_OBJC_ROOT_CLASS = YES_ERROR;
				CLANG_WARN_RANGE_LOOP_ANALYSIS = YES;
				CLANG_WARN_STRICT_PROTOTYPES = YES;
				CLANG_WARN_SUSPICIOUS_MOVE = YES;
				CLANG_WARN_UNGUARDED_AVAILABILITY = YES_AGGRESSIVE;
				CLANG_WARN_UNREACHABLE_CODE = YES;
				CLANG_WARN__DUPLICATE_METHOD_MATCH = YES;
				CODE_SIGN_IDENTITY = "iPhone Developer";
				COPY_PHASE_STRIP = NO;
				DEBUG_INFORMATION_FORMAT = "dwarf-with-dsym";
				ENABLE_NS_ASSERTIONS = NO;
				ENABLE_STRICT_OBJC_MSGSEND = YES;
				GCC_C_LANGUAGE_STANDARD = gnu11;
				GCC_NO_COMMON_BLOCKS = YES;
				GCC_WARN_64_TO_32_BIT_CONVERSION = YES;
				GCC_WARN_ABOUT_RETURN_TYPE = YES_ERROR;
				GCC_WARN_UNDECLARED_SELECTOR = YES;
				GCC_WARN_UNINITIALIZED_AUTOS = YES_AGGRESSIVE;
				GCC_WARN_UNUSED_FUNCTION = YES;
				GCC_WARN_UNUSED_VARIABLE = YES;
				IPHONEOS_DEPLOYMENT_TARGET = 11.3;
				MTL_ENABLE_DEBUG_INFO = NO;
				SDKROOT = iphoneos;
				SWIFT_COMPILATION_MODE = wholemodule;
				SWIFT_OPTIMIZATION_LEVEL = "-O";
				VALIDATE_PRODUCT = YES;
			};
			name = Release;
		};
		EE5440C720A41CD5002C3698 /* Debug */ = {
			isa = XCBuildConfiguration;
			buildSettings = {
				ASSETCATALOG_COMPILER_APPICON_NAME = AppIcon;
				CODE_SIGN_STYLE = Automatic;
				DEVELOPMENT_TEAM = 36FY55QK83;
				INFOPLIST_FILE = POP_CatList/Info.plist;
				LD_RUNPATH_SEARCH_PATHS = (
					"$(inherited)",
					"@executable_path/Frameworks",
				);
				PRODUCT_BUNDLE_IDENTIFIER = "com.Gotyanov.Alexey.POP-CatList";
				PRODUCT_NAME = "$(TARGET_NAME)";
				SWIFT_VERSION = 4.0;
				TARGETED_DEVICE_FAMILY = "1,2";
			};
			name = Debug;
		};
		EE5440C820A41CD5002C3698 /* Release */ = {
			isa = XCBuildConfiguration;
			buildSettings = {
				ASSETCATALOG_COMPILER_APPICON_NAME = AppIcon;
				CODE_SIGN_STYLE = Automatic;
				DEVELOPMENT_TEAM = 36FY55QK83;
				INFOPLIST_FILE = POP_CatList/Info.plist;
				LD_RUNPATH_SEARCH_PATHS = (
					"$(inherited)",
					"@executable_path/Frameworks",
				);
				PRODUCT_BUNDLE_IDENTIFIER = "com.Gotyanov.Alexey.POP-CatList";
				PRODUCT_NAME = "$(TARGET_NAME)";
				SWIFT_VERSION = 4.0;
				TARGETED_DEVICE_FAMILY = "1,2";
			};
			name = Release;
		};
/* End XCBuildConfiguration section */

/* Begin XCConfigurationList section */
		EE5440AF20A41CD2002C3698 /* Build configuration list for PBXProject "POP_CatList" */ = {
			isa = XCConfigurationList;
			buildConfigurations = (
				EE5440C420A41CD5002C3698 /* Debug */,
				EE5440C520A41CD5002C3698 /* Release */,
			);
			defaultConfigurationIsVisible = 0;
			defaultConfigurationName = Release;
		};
		EE5440C620A41CD5002C3698 /* Build configuration list for PBXNativeTarget "POP_CatList" */ = {
			isa = XCConfigurationList;
			buildConfigurations = (
				EE5440C720A41CD5002C3698 /* Debug */,
				EE5440C820A41CD5002C3698 /* Release */,
			);
			defaultConfigurationIsVisible = 0;
			defaultConfigurationName = Release;
		};
/* End XCConfigurationList section */
	};
	rootObject = EE5440AC20A41CD2002C3698 /* Project object */;
}
